// !$*UTF8*$!
{
	archiveVersion = 1;
	classes = {
	};
	objectVersion = 55;
	objects = {

/* Begin PBXBuildFile section */
		FD587099281161760085F043 /* ProfileHeaderView.swift in Sources */ = {isa = PBXBuildFile; fileRef = FD587098281161760085F043 /* ProfileHeaderView.swift */; };
		FD617978280821EB00A831E3 /* AppDelegate.swift in Sources */ = {isa = PBXBuildFile; fileRef = FD617977280821EB00A831E3 /* AppDelegate.swift */; };
		FD61797C280821EB00A831E3 /* PostViewController.swift in Sources */ = {isa = PBXBuildFile; fileRef = FD61797B280821EB00A831E3 /* PostViewController.swift */; };
		FD617981280821EC00A831E3 /* Assets.xcassets in Resources */ = {isa = PBXBuildFile; fileRef = FD617980280821EC00A831E3 /* Assets.xcassets */; };
		FD617984280821EC00A831E3 /* LaunchScreen.storyboard in Resources */ = {isa = PBXBuildFile; fileRef = FD617982280821EC00A831E3 /* LaunchScreen.storyboard */; };
		FDA0B5102809CC8700026AC0 /* FeedViewController.swift in Sources */ = {isa = PBXBuildFile; fileRef = FDA0B50F2809CC8700026AC0 /* FeedViewController.swift */; };
		FDA0B512280D568B00026AC0 /* InfoViewController.swift in Sources */ = {isa = PBXBuildFile; fileRef = FDA0B511280D568B00026AC0 /* InfoViewController.swift */; };
		FDBE818D2827CDE600797694 /* PhotosViewController.swift in Sources */ = {isa = PBXBuildFile; fileRef = FDBE818C2827CDE600797694 /* PhotosViewController.swift */; };
		FDBE818F2827CE6200797694 /* PhotosCollectionViewCell.swift in Sources */ = {isa = PBXBuildFile; fileRef = FDBE818E2827CE6200797694 /* PhotosCollectionViewCell.swift */; };
		FDBE81912827CF1600797694 /* PhotosCollectionViewCellForTableView.swift in Sources */ = {isa = PBXBuildFile; fileRef = FDBE81902827CF1600797694 /* PhotosCollectionViewCellForTableView.swift */; };
		FDBE81932827CF3C00797694 /* PhotosTableViewCellDelegate.swift in Sources */ = {isa = PBXBuildFile; fileRef = FDBE81922827CF3C00797694 /* PhotosTableViewCellDelegate.swift */; };
		FDBE81952827CF6E00797694 /* ImageModel.swift in Sources */ = {isa = PBXBuildFile; fileRef = FDBE81942827CF6E00797694 /* ImageModel.swift */; };
		FDCA7F6A280D9020008EA20F /* Post.swift in Sources */ = {isa = PBXBuildFile; fileRef = FDCA7F69280D9020008EA20F /* Post.swift */; };
		FDCBE83228085E82001B7C26 /* TabBarViewController.swift in Sources */ = {isa = PBXBuildFile; fileRef = FDCBE83128085E82001B7C26 /* TabBarViewController.swift */; };
		FDCBE83428085F8C001B7C26 /* ProfileViewController.swift in Sources */ = {isa = PBXBuildFile; fileRef = FDCBE83328085F8C001B7C26 /* ProfileViewController.swift */; };
		FDFD561D281DBB76006F3A34 /* LogInViewController.swift in Sources */ = {isa = PBXBuildFile; fileRef = FDFD561C281DBB76006F3A34 /* LogInViewController.swift */; };
		FDFD561F281EAF77006F3A34 /* HexUIColor.swift in Sources */ = {isa = PBXBuildFile; fileRef = FDFD561E281EAF77006F3A34 /* HexUIColor.swift */; };
		FDFD562228206E19006F3A34 /* PostModel.swift in Sources */ = {isa = PBXBuildFile; fileRef = FDFD562128206E19006F3A34 /* PostModel.swift */; };
		FDFD5626282086D8006F3A34 /* PostTableViewCell.swift in Sources */ = {isa = PBXBuildFile; fileRef = FDFD5625282086D8006F3A34 /* PostTableViewCell.swift */; };
		FDFD5628282141D3006F3A34 /* UIView+Extension.swift in Sources */ = {isa = PBXBuildFile; fileRef = FDFD5627282141D3006F3A34 /* UIView+Extension.swift */; };
/* End PBXBuildFile section */

/* Begin PBXFileReference section */
		FD587098281161760085F043 /* ProfileHeaderView.swift */ = {isa = PBXFileReference; lastKnownFileType = sourcecode.swift; path = ProfileHeaderView.swift; sourceTree = "<group>"; };
		FD617974280821EB00A831E3 /* Navigation.app */ = {isa = PBXFileReference; explicitFileType = wrapper.application; includeInIndex = 0; path = Navigation.app; sourceTree = BUILT_PRODUCTS_DIR; };
		FD617977280821EB00A831E3 /* AppDelegate.swift */ = {isa = PBXFileReference; lastKnownFileType = sourcecode.swift; path = AppDelegate.swift; sourceTree = "<group>"; };
		FD61797B280821EB00A831E3 /* PostViewController.swift */ = {isa = PBXFileReference; lastKnownFileType = sourcecode.swift; path = PostViewController.swift; sourceTree = "<group>"; };
		FD617980280821EC00A831E3 /* Assets.xcassets */ = {isa = PBXFileReference; lastKnownFileType = folder.assetcatalog; path = Assets.xcassets; sourceTree = "<group>"; };
		FD617983280821EC00A831E3 /* Base */ = {isa = PBXFileReference; lastKnownFileType = file.storyboard; name = Base; path = Base.lproj/LaunchScreen.storyboard; sourceTree = "<group>"; };
		FD617985280821EC00A831E3 /* Info.plist */ = {isa = PBXFileReference; lastKnownFileType = text.plist.xml; path = Info.plist; sourceTree = "<group>"; };
		FDA0B50F2809CC8700026AC0 /* FeedViewController.swift */ = {isa = PBXFileReference; lastKnownFileType = sourcecode.swift; path = FeedViewController.swift; sourceTree = "<group>"; };
		FDA0B511280D568B00026AC0 /* InfoViewController.swift */ = {isa = PBXFileReference; lastKnownFileType = sourcecode.swift; path = InfoViewController.swift; sourceTree = "<group>"; };
		FDBE818C2827CDE600797694 /* PhotosViewController.swift */ = {isa = PBXFileReference; lastKnownFileType = sourcecode.swift; path = PhotosViewController.swift; sourceTree = "<group>"; };
		FDBE818E2827CE6200797694 /* PhotosCollectionViewCell.swift */ = {isa = PBXFileReference; lastKnownFileType = sourcecode.swift; path = PhotosCollectionViewCell.swift; sourceTree = "<group>"; };
		FDBE81902827CF1600797694 /* PhotosCollectionViewCellForTableView.swift */ = {isa = PBXFileReference; lastKnownFileType = sourcecode.swift; path = PhotosCollectionViewCellForTableView.swift; sourceTree = "<group>"; };
		FDBE81922827CF3C00797694 /* PhotosTableViewCellDelegate.swift */ = {isa = PBXFileReference; lastKnownFileType = sourcecode.swift; path = PhotosTableViewCellDelegate.swift; sourceTree = "<group>"; };
		FDBE81942827CF6E00797694 /* ImageModel.swift */ = {isa = PBXFileReference; lastKnownFileType = sourcecode.swift; path = ImageModel.swift; sourceTree = "<group>"; };
		FDCA7F69280D9020008EA20F /* Post.swift */ = {isa = PBXFileReference; lastKnownFileType = sourcecode.swift; path = Post.swift; sourceTree = "<group>"; };
		FDCBE83128085E82001B7C26 /* TabBarViewController.swift */ = {isa = PBXFileReference; lastKnownFileType = sourcecode.swift; path = TabBarViewController.swift; sourceTree = "<group>"; };
		FDCBE83328085F8C001B7C26 /* ProfileViewController.swift */ = {isa = PBXFileReference; lastKnownFileType = sourcecode.swift; path = ProfileViewController.swift; sourceTree = "<group>"; };
		FDFD561C281DBB76006F3A34 /* LogInViewController.swift */ = {isa = PBXFileReference; lastKnownFileType = sourcecode.swift; path = LogInViewController.swift; sourceTree = "<group>"; };
		FDFD561E281EAF77006F3A34 /* HexUIColor.swift */ = {isa = PBXFileReference; lastKnownFileType = sourcecode.swift; path = HexUIColor.swift; sourceTree = "<group>"; };
		FDFD562128206E19006F3A34 /* PostModel.swift */ = {isa = PBXFileReference; lastKnownFileType = sourcecode.swift; path = PostModel.swift; sourceTree = "<group>"; };
		FDFD5625282086D8006F3A34 /* PostTableViewCell.swift */ = {isa = PBXFileReference; lastKnownFileType = sourcecode.swift; path = PostTableViewCell.swift; sourceTree = "<group>"; };
		FDFD5627282141D3006F3A34 /* UIView+Extension.swift */ = {isa = PBXFileReference; lastKnownFileType = sourcecode.swift; path = "UIView+Extension.swift"; sourceTree = "<group>"; };
/* End PBXFileReference section */

/* Begin PBXFrameworksBuildPhase section */
		FD617971280821EB00A831E3 /* Frameworks */ = {
			isa = PBXFrameworksBuildPhase;
			buildActionMask = 2147483647;
			files = (
			);
			runOnlyForDeploymentPostprocessing = 0;
		};
/* End PBXFrameworksBuildPhase section */

/* Begin PBXGroup section */
		FD587097281161370085F043 /* Profile */ = {
			isa = PBXGroup;
			children = (
				FDCBE83328085F8C001B7C26 /* ProfileViewController.swift */,
				FD587098281161760085F043 /* ProfileHeaderView.swift */,
				FDFD561C281DBB76006F3A34 /* LogInViewController.swift */,
			);
			path = Profile;
			sourceTree = "<group>";
		};
		FD61796B280821EB00A831E3 = {
			isa = PBXGroup;
			children = (
				FDBE818B2827CD9D00797694 /* PhotoViewCollection */,
				FDFD562028206BE9006F3A34 /* Post */,
				FD587097281161370085F043 /* Profile */,
				FD617976280821EB00A831E3 /* Navigation */,
				FD617975280821EB00A831E3 /* Products */,
			);
			sourceTree = "<group>";
		};
		FD617975280821EB00A831E3 /* Products */ = {
			isa = PBXGroup;
			children = (
				FD617974280821EB00A831E3 /* Navigation.app */,
			);
			name = Products;
			sourceTree = "<group>";
		};
		FD617976280821EB00A831E3 /* Navigation */ = {
			isa = PBXGroup;
			children = (
				FD61797B280821EB00A831E3 /* PostViewController.swift */,
				FD617977280821EB00A831E3 /* AppDelegate.swift */,
				FDCBE83128085E82001B7C26 /* TabBarViewController.swift */,
				FDA0B50F2809CC8700026AC0 /* FeedViewController.swift */,
				FDA0B511280D568B00026AC0 /* InfoViewController.swift */,
				FD617982280821EC00A831E3 /* LaunchScreen.storyboard */,
				FD617985280821EC00A831E3 /* Info.plist */,
				FD617980280821EC00A831E3 /* Assets.xcassets */,
			);
			path = Navigation;
			sourceTree = "<group>";
		};
		FDBE818B2827CD9D00797694 /* PhotoViewCollection */ = {
			isa = PBXGroup;
			children = (
				FDBE818C2827CDE600797694 /* PhotosViewController.swift */,
				FDBE818E2827CE6200797694 /* PhotosCollectionViewCell.swift */,
				FDBE81902827CF1600797694 /* PhotosCollectionViewCellForTableView.swift */,
				FDBE81922827CF3C00797694 /* PhotosTableViewCellDelegate.swift */,
				FDBE81942827CF6E00797694 /* ImageModel.swift */,
			);
			path = PhotoViewCollection;
			sourceTree = "<group>";
		};
		FDFD562028206BE9006F3A34 /* Post */ = {
			isa = PBXGroup;
			children = (
				FDCA7F69280D9020008EA20F /* Post.swift */,
				FDFD562128206E19006F3A34 /* PostModel.swift */,
				FDFD5625282086D8006F3A34 /* PostTableViewCell.swift */,
				FDFD5627282141D3006F3A34 /* UIView+Extension.swift */,
				FDFD561E281EAF77006F3A34 /* HexUIColor.swift */,
			);
			path = Post;
			sourceTree = "<group>";
		};
/* End PBXGroup section */

/* Begin PBXNativeTarget section */
		FD617973280821EB00A831E3 /* Navigation */ = {
			isa = PBXNativeTarget;
			buildConfigurationList = FD617988280821EC00A831E3 /* Build configuration list for PBXNativeTarget "Navigation" */;
			buildPhases = (
				FD617970280821EB00A831E3 /* Sources */,
				FD617971280821EB00A831E3 /* Frameworks */,
				FD617972280821EB00A831E3 /* Resources */,
			);
			buildRules = (
			);
			dependencies = (
			);
			name = Navigation;
			productName = Navigation;
			productReference = FD617974280821EB00A831E3 /* Navigation.app */;
			productType = "com.apple.product-type.application";
		};
/* End PBXNativeTarget section */

/* Begin PBXProject section */
		FD61796C280821EB00A831E3 /* Project object */ = {
			isa = PBXProject;
			attributes = {
				BuildIndependentTargetsInParallel = 1;
				LastSwiftUpdateCheck = 1330;
				LastUpgradeCheck = 1330;
				TargetAttributes = {
					FD617973280821EB00A831E3 = {
						CreatedOnToolsVersion = 13.3.1;
					};
				};
			};
			buildConfigurationList = FD61796F280821EB00A831E3 /* Build configuration list for PBXProject "Navigation" */;
			compatibilityVersion = "Xcode 13.0";
			developmentRegion = en;
			hasScannedForEncodings = 0;
			knownRegions = (
				en,
				Base,
			);
			mainGroup = FD61796B280821EB00A831E3;
			productRefGroup = FD617975280821EB00A831E3 /* Products */;
			projectDirPath = "";
			projectRoot = "";
			targets = (
				FD617973280821EB00A831E3 /* Navigation */,
			);
		};
/* End PBXProject section */

/* Begin PBXResourcesBuildPhase section */
		FD617972280821EB00A831E3 /* Resources */ = {
			isa = PBXResourcesBuildPhase;
			buildActionMask = 2147483647;
			files = (
				FD617984280821EC00A831E3 /* LaunchScreen.storyboard in Resources */,
				FD617981280821EC00A831E3 /* Assets.xcassets in Resources */,
			);
			runOnlyForDeploymentPostprocessing = 0;
		};
/* End PBXResourcesBuildPhase section */

/* Begin PBXSourcesBuildPhase section */
		FD617970280821EB00A831E3 /* Sources */ = {
			isa = PBXSourcesBuildPhase;
			buildActionMask = 2147483647;
			files = (
				FDCBE83428085F8C001B7C26 /* ProfileViewController.swift in Sources */,
				FDFD5628282141D3006F3A34 /* UIView+Extension.swift in Sources */,
				FDCBE83228085E82001B7C26 /* TabBarViewController.swift in Sources */,
				FDBE81912827CF1600797694 /* PhotosCollectionViewCellForTableView.swift in Sources */,
				FDFD561D281DBB76006F3A34 /* LogInViewController.swift in Sources */,
				FDFD561F281EAF77006F3A34 /* HexUIColor.swift in Sources */,
				FDBE81932827CF3C00797694 /* PhotosTableViewCellDelegate.swift in Sources */,
				FDA0B512280D568B00026AC0 /* InfoViewController.swift in Sources */,
				FDCA7F6A280D9020008EA20F /* Post.swift in Sources */,
				FD61797C280821EB00A831E3 /* PostViewController.swift in Sources */,
				FDA0B5102809CC8700026AC0 /* FeedViewController.swift in Sources */,
				FD617978280821EB00A831E3 /* AppDelegate.swift in Sources */,
				FD587099281161760085F043 /* ProfileHeaderView.swift in Sources */,
				FDBE81952827CF6E00797694 /* ImageModel.swift in Sources */,
				FDBE818F2827CE6200797694 /* PhotosCollectionViewCell.swift in Sources */,
				FDBE818D2827CDE600797694 /* PhotosViewController.swift in Sources */,
				FDFD562228206E19006F3A34 /* PostModel.swift in Sources */,
				FDFD5626282086D8006F3A34 /* PostTableViewCell.swift in Sources */,
			);
			runOnlyForDeploymentPostprocessing = 0;
		};
/* End PBXSourcesBuildPhase section */

/* Begin PBXVariantGroup section */
		FD617982280821EC00A831E3 /* LaunchScreen.storyboard */ = {
			isa = PBXVariantGroup;
			children = (
				FD617983280821EC00A831E3 /* Base */,
			);
			name = LaunchScreen.storyboard;
			sourceTree = "<group>";
		};
/* End PBXVariantGroup section */

/* Begin XCBuildConfiguration section */
		FD617986280821EC00A831E3 /* Debug */ = {
			isa = XCBuildConfiguration;
			buildSettings = {
				ALWAYS_SEARCH_USER_PATHS = NO;
				CLANG_ANALYZER_NONNULL = YES;
				CLANG_ANALYZER_NUMBER_OBJECT_CONVERSION = YES_AGGRESSIVE;
				CLANG_CXX_LANGUAGE_STANDARD = "gnu++17";
				CLANG_ENABLE_MODULES = YES;
				CLANG_ENABLE_OBJC_ARC = YES;
				CLANG_ENABLE_OBJC_WEAK = YES;
				CLANG_WARN_BLOCK_CAPTURE_AUTORELEASING = YES;
				CLANG_WARN_BOOL_CONVERSION = YES;
				CLANG_WARN_COMMA = YES;
				CLANG_WARN_CONSTANT_CONVERSION = YES;
				CLANG_WARN_DEPRECATED_OBJC_IMPLEMENTATIONS = YES;
				CLANG_WARN_DIRECT_OBJC_ISA_USAGE = YES_ERROR;
				CLANG_WARN_DOCUMENTATION_COMMENTS = YES;
				CLANG_WARN_EMPTY_BODY = YES;
				CLANG_WARN_ENUM_CONVERSION = YES;
				CLANG_WARN_INFINITE_RECURSION = YES;
				CLANG_WARN_INT_CONVERSION = YES;
				CLANG_WARN_NON_LITERAL_NULL_CONVERSION = YES;
				CLANG_WARN_OBJC_IMPLICIT_RETAIN_SELF = YES;
				CLANG_WARN_OBJC_LITERAL_CONVERSION = YES;
				CLANG_WARN_OBJC_ROOT_CLASS = YES_ERROR;
				CLANG_WARN_QUOTED_INCLUDE_IN_FRAMEWORK_HEADER = YES;
				CLANG_WARN_RANGE_LOOP_ANALYSIS = YES;
				CLANG_WARN_STRICT_PROTOTYPES = YES;
				CLANG_WARN_SUSPICIOUS_MOVE = YES;
				CLANG_WARN_UNGUARDED_AVAILABILITY = YES_AGGRESSIVE;
				CLANG_WARN_UNREACHABLE_CODE = YES;
				CLANG_WARN__DUPLICATE_METHOD_MATCH = YES;
				COPY_PHASE_STRIP = NO;
				DEBUG_INFORMATION_FORMAT = dwarf;
				ENABLE_STRICT_OBJC_MSGSEND = YES;
				ENABLE_TESTABILITY = YES;
				GCC_C_LANGUAGE_STANDARD = gnu11;
				GCC_DYNAMIC_NO_PIC = NO;
				GCC_NO_COMMON_BLOCKS = YES;
				GCC_OPTIMIZATION_LEVEL = 0;
				GCC_PREPROCESSOR_DEFINITIONS = (
					"DEBUG=1",
					"$(inherited)",
				);
				GCC_WARN_64_TO_32_BIT_CONVERSION = YES;
				GCC_WARN_ABOUT_RETURN_TYPE = YES_ERROR;
				GCC_WARN_UNDECLARED_SELECTOR = YES;
				GCC_WARN_UNINITIALIZED_AUTOS = YES_AGGRESSIVE;
				GCC_WARN_UNUSED_FUNCTION = YES;
				GCC_WARN_UNUSED_VARIABLE = YES;
				IPHONEOS_DEPLOYMENT_TARGET = 15.4;
				MTL_ENABLE_DEBUG_INFO = INCLUDE_SOURCE;
				MTL_FAST_MATH = YES;
				ONLY_ACTIVE_ARCH = YES;
				SDKROOT = iphoneos;
				SWIFT_ACTIVE_COMPILATION_CONDITIONS = DEBUG;
				SWIFT_OPTIMIZATION_LEVEL = "-Onone";
			};
			name = Debug;
		};
		FD617987280821EC00A831E3 /* Release */ = {
			isa = XCBuildConfiguration;
			buildSettings = {
				ALWAYS_SEARCH_USER_PATHS = NO;
				CLANG_ANALYZER_NONNULL = YES;
				CLANG_ANALYZER_NUMBER_OBJECT_CONVERSION = YES_AGGRESSIVE;
				CLANG_CXX_LANGUAGE_STANDARD = "gnu++17";
				CLANG_ENABLE_MODULES = YES;
				CLANG_ENABLE_OBJC_ARC = YES;
				CLANG_ENABLE_OBJC_WEAK = YES;
				CLANG_WARN_BLOCK_CAPTURE_AUTORELEASING = YES;
				CLANG_WARN_BOOL_CONVERSION = YES;
				CLANG_WARN_COMMA = YES;
				CLANG_WARN_CONSTANT_CONVERSION = YES;
				CLANG_WARN_DEPRECATED_OBJC_IMPLEMENTATIONS = YES;
				CLANG_WARN_DIRECT_OBJC_ISA_USAGE = YES_ERROR;
				CLANG_WARN_DOCUMENTATION_COMMENTS = YES;
				CLANG_WARN_EMPTY_BODY = YES;
				CLANG_WARN_ENUM_CONVERSION = YES;
				CLANG_WARN_INFINITE_RECURSION = YES;
				CLANG_WARN_INT_CONVERSION = YES;
				CLANG_WARN_NON_LITERAL_NULL_CONVERSION = YES;
				CLANG_WARN_OBJC_IMPLICIT_RETAIN_SELF = YES;
				CLANG_WARN_OBJC_LITERAL_CONVERSION = YES;
				CLANG_WARN_OBJC_ROOT_CLASS = YES_ERROR;
				CLANG_WARN_QUOTED_INCLUDE_IN_FRAMEWORK_HEADER = YES;
				CLANG_WARN_RANGE_LOOP_ANALYSIS = YES;
				CLANG_WARN_STRICT_PROTOTYPES = YES;
				CLANG_WARN_SUSPICIOUS_MOVE = YES;
				CLANG_WARN_UNGUARDED_AVAILABILITY = YES_AGGRESSIVE;
				CLANG_WARN_UNREACHABLE_CODE = YES;
				CLANG_WARN__DUPLICATE_METHOD_MATCH = YES;
				COPY_PHASE_STRIP = NO;
				DEBUG_INFORMATION_FORMAT = "dwarf-with-dsym";
				ENABLE_NS_ASSERTIONS = NO;
				ENABLE_STRICT_OBJC_MSGSEND = YES;
				GCC_C_LANGUAGE_STANDARD = gnu11;
				GCC_NO_COMMON_BLOCKS = YES;
				GCC_WARN_64_TO_32_BIT_CONVERSION = YES;
				GCC_WARN_ABOUT_RETURN_TYPE = YES_ERROR;
				GCC_WARN_UNDECLARED_SELECTOR = YES;
				GCC_WARN_UNINITIALIZED_AUTOS = YES_AGGRESSIVE;
				GCC_WARN_UNUSED_FUNCTION = YES;
				GCC_WARN_UNUSED_VARIABLE = YES;
				IPHONEOS_DEPLOYMENT_TARGET = 15.4;
				MTL_ENABLE_DEBUG_INFO = NO;
				MTL_FAST_MATH = YES;
				SDKROOT = iphoneos;
				SWIFT_COMPILATION_MODE = wholemodule;
				SWIFT_OPTIMIZATION_LEVEL = "-O";
				VALIDATE_PRODUCT = YES;
			};
			name = Release;
		};
		FD617989280821EC00A831E3 /* Debug */ = {
			isa = XCBuildConfiguration;
			buildSettings = {
				ASSETCATALOG_COMPILER_APPICON_NAME = AppIcon;
				ASSETCATALOG_COMPILER_GLOBAL_ACCENT_COLOR_NAME = AccentColor;
				CODE_SIGN_STYLE = Automatic;
				CURRENT_PROJECT_VERSION = 1;
				DEVELOPMENT_TEAM = M85GRCBPTY;
				GENERATE_INFOPLIST_FILE = YES;
				INFOPLIST_FILE = Navigation/Info.plist;
				INFOPLIST_KEY_UIApplicationSupportsIndirectInputEvents = YES;
				INFOPLIST_KEY_UILaunchStoryboardName = LaunchScreen;
				INFOPLIST_KEY_UISupportedInterfaceOrientations_iPad = "UIInterfaceOrientationPortrait UIInterfaceOrientationPortraitUpsideDown UIInterfaceOrientationLandscapeLeft UIInterfaceOrientationLandscapeRight";
				INFOPLIST_KEY_UISupportedInterfaceOrientations_iPhone = "UIInterfaceOrientationPortrait UIInterfaceOrientationLandscapeLeft UIInterfaceOrientationLandscapeRight";
				LD_RUNPATH_SEARCH_PATHS = (
					"$(inherited)",
					"@executable_path/Frameworks",
				);
				MARKETING_VERSION = 1.0;
				PRODUCT_BUNDLE_IDENTIFIER = Ilay.Navigation;
				PRODUCT_NAME = "$(TARGET_NAME)";
				SWIFT_EMIT_LOC_STRINGS = YES;
				SWIFT_VERSION = 5.0;
				TARGETED_DEVICE_FAMILY = "1,2";
			};
			name = Debug;
		};
		FD61798A280821EC00A831E3 /* Release */ = {
			isa = XCBuildConfiguration;
			buildSettings = {
				ASSETCATALOG_COMPILER_APPICON_NAME = AppIcon;
				ASSETCATALOG_COMPILER_GLOBAL_ACCENT_COLOR_NAME = AccentColor;
				CODE_SIGN_STYLE = Automatic;
				CURRENT_PROJECT_VERSION = 1;
				DEVELOPMENT_TEAM = M85GRCBPTY;
				GENERATE_INFOPLIST_FILE = YES;
				INFOPLIST_FILE = Navigation/Info.plist;
				INFOPLIST_KEY_UIApplicationSupportsIndirectInputEvents = YES;
				INFOPLIST_KEY_UILaunchStoryboardName = LaunchScreen;
				INFOPLIST_KEY_UISupportedInterfaceOrientations_iPad = "UIInterfaceOrientationPortrait UIInterfaceOrientationPortraitUpsideDown UIInterfaceOrientationLandscapeLeft UIInterfaceOrientationLandscapeRight";
				INFOPLIST_KEY_UISupportedInterfaceOrientations_iPhone = "UIInterfaceOrientationPortrait UIInterfaceOrientationLandscapeLeft UIInterfaceOrientationLandscapeRight";
				LD_RUNPATH_SEARCH_PATHS = (
					"$(inherited)",
					"@executable_path/Frameworks",
				);
				MARKETING_VERSION = 1.0;
				PRODUCT_BUNDLE_IDENTIFIER = Ilay.Navigation;
				PRODUCT_NAME = "$(TARGET_NAME)";
				SWIFT_EMIT_LOC_STRINGS = YES;
				SWIFT_VERSION = 5.0;
				TARGETED_DEVICE_FAMILY = "1,2";
			};
			name = Release;
		};
/* End XCBuildConfiguration section */

/* Begin XCConfigurationList section */
		FD61796F280821EB00A831E3 /* Build configuration list for PBXProject "Navigation" */ = {
			isa = XCConfigurationList;
			buildConfigurations = (
				FD617986280821EC00A831E3 /* Debug */,
				FD617987280821EC00A831E3 /* Release */,
			);
			defaultConfigurationIsVisible = 0;
			defaultConfigurationName = Release;
		};
		FD617988280821EC00A831E3 /* Build configuration list for PBXNativeTarget "Navigation" */ = {
			isa = XCConfigurationList;
			buildConfigurations = (
				FD617989280821EC00A831E3 /* Debug */,
				FD61798A280821EC00A831E3 /* Release */,
			);
			defaultConfigurationIsVisible = 0;
			defaultConfigurationName = Release;
		};
/* End XCConfigurationList section */
	};
	rootObject = FD61796C280821EB00A831E3 /* Project object */;
}
